
Microsoft Visual Studio Solution File, Format Version 12.00
# Visual Studio Version 16
VisualStudioVersion = 16.0.31205.134
MinimumVisualStudioVersion = 10.0.40219.1
Project("{FAE04EC0-301F-11D3-BF4B-00C04F79EFBC}") = "Cagri Merkezi", "Cagri Merkezi.csproj", "{CF0961D2-5681-46AE-A439-B21F383AD4F9}"
EndProject
Global
	GlobalSection(SolutionConfigurationPlatforms) = preSolution
		Debug|Any CPU = Debug|Any CPU
		Release|Any CPU = Release|Any CPU
	EndGlobalSection
	GlobalSection(ProjectConfigurationPlatforms) = postSolution
		{CF0961D2-5681-46AE-A439-B21F383AD4F9}.Debug|Any CPU.ActiveCfg = Debug|Any CPU
		{CF0961D2-5681-46AE-A439-B21F383AD4F9}.Debug|Any CPU.Build.0 = Debug|Any CPU
		{CF0961D2-5681-46AE-A439-B21F383AD4F9}.Release|Any CPU.ActiveCfg = Release|Any CPU
		{CF0961D2-5681-46AE-A439-B21F383AD4F9}.Release|Any CPU.Build.0 = Release|Any CPU
	EndGlobalSection
	GlobalSection(SolutionProperties) = preSolution
		HideSolutionNode = FALSE
	EndGlobalSection
	GlobalSection(ExtensibilityGlobals) = postSolution
		SolutionGuid = {2B02D05F-18F3-4CCF-B643-7AE626B5E528}
	EndGlobalSection
EndGlobal
